
Microsoft Visual Studio Solution File, Format Version 12.00
# Visual Studio Version 18
VisualStudioVersion = 18.6.11828.311 oobstable
MinimumVisualStudioVersion = 10.0.40219.1
Project("{FAE04EC0-301F-11D3-BF4B-00C04F79EFBC}") = "Rubble Scavengers", "Rubble Scavengers.csproj", "{3AD9147B-93FC-5048-D969-730049BA18AB}"
EndProject
Global
	GlobalSection(SolutionConfigurationPlatforms) = preSolution
		Debug|Any CPU = Debug|Any CPU
		Release|Any CPU = Release|Any CPU
	EndGlobalSection
	GlobalSection(ProjectConfigurationPlatforms) = postSolution
		{3AD9147B-93FC-5048-D969-730049BA18AB}.Debug|Any CPU.ActiveCfg = Debug|Any CPU
		{3AD9147B-93FC-5048-D969-730049BA18AB}.Debug|Any CPU.Build.0 = Debug|Any CPU
		{3AD9147B-93FC-5048-D969-730049BA18AB}.Release|Any CPU.ActiveCfg = Release|Any CPU
		{3AD9147B-93FC-5048-D969-730049BA18AB}.Release|Any CPU.Build.0 = Release|Any CPU
	EndGlobalSection
	GlobalSection(SolutionProperties) = preSolution
		HideSolutionNode = FALSE
	EndGlobalSection
	GlobalSection(ExtensibilityGlobals) = postSolution
		SolutionGuid = {1500F2E4-D955-4A2A-8BD5-6A4F0F47B018}
	EndGlobalSection
EndGlobal
